
Microsoft Visual Studio Solution File, Format Version 12.00
# Visual Studio Version 17
VisualStudioVersion = 17.10.35013.160
MinimumVisualStudioVersion = 10.0.40219.1
Project("{FAE04EC0-301F-11D3-BF4B-00C04F79EFBC}") = "MistsOfTirnaScithe", "MistsOfTirnaScithe\MistsOfTirnaScithe.csproj", "{92A417BA-A31A-42E4-B681-1945C15BD7A6}"
EndProject
Global
	GlobalSection(SolutionConfigurationPlatforms) = preSolution
		Debug|Any CPU = Debug|Any CPU
		Release|Any CPU = Release|Any CPU
	EndGlobalSection
	GlobalSection(ProjectConfigurationPlatforms) = postSolution
		{92A417BA-A31A-42E4-B681-1945C15BD7A6}.Debug|Any CPU.ActiveCfg = Debug|Any CPU
		{92A417BA-A31A-42E4-B681-1945C15BD7A6}.Debug|Any CPU.Build.0 = Debug|Any CPU
		{92A417BA-A31A-42E4-B681-1945C15BD7A6}.Release|Any CPU.ActiveCfg = Release|Any CPU
		{92A417BA-A31A-42E4-B681-1945C15BD7A6}.Release|Any CPU.Build.0 = Release|Any CPU
	EndGlobalSection
	GlobalSection(SolutionProperties) = preSolution
		HideSolutionNode = FALSE
	EndGlobalSection
	GlobalSection(ExtensibilityGlobals) = postSolution
		SolutionGuid = {E425EAE6-6E4B-487E-9A3F-E0A002BF83D6}
	EndGlobalSection
EndGlobal
